
Microsoft Visual Studio Solution File, Format Version 12.00
# Visual Studio Version 16
VisualStudioVersion = 16.0.32002.261
MinimumVisualStudioVersion = 10.0.40219.1
Project("{9A19103F-16F7-4668-BE54-9A1E7A4F7556}") = "WelcomeASP", "WelcomeASP.csproj", "{BB415B61-9593-4FFD-BD75-DC2E67978E88}"
EndProject
Global
	GlobalSection(SolutionConfigurationPlatforms) = preSolution
		Debug|Any CPU = Debug|Any CPU
		Release|Any CPU = Release|Any CPU
	EndGlobalSection
	GlobalSection(ProjectConfigurationPlatforms) = postSolution
		{BB415B61-9593-4FFD-BD75-DC2E67978E88}.Debug|Any CPU.ActiveCfg = Debug|Any CPU
		{BB415B61-9593-4FFD-BD75-DC2E67978E88}.Debug|Any CPU.Build.0 = Debug|Any CPU
		{BB415B61-9593-4FFD-BD75-DC2E67978E88}.Release|Any CPU.ActiveCfg = Release|Any CPU
		{BB415B61-9593-4FFD-BD75-DC2E67978E88}.Release|Any CPU.Build.0 = Release|Any CPU
	EndGlobalSection
	GlobalSection(SolutionProperties) = preSolution
		HideSolutionNode = FALSE
	EndGlobalSection
	GlobalSection(ExtensibilityGlobals) = postSolution
		SolutionGuid = {0D5F6BCB-A5CD-4E80-9125-89D52E3ABFA1}
	EndGlobalSection
EndGlobal
